
Microsoft Visual Studio Solution File, Format Version 12.00
# Visual Studio Version 17
VisualStudioVersion = 17.9.34723.18
MinimumVisualStudioVersion = 10.0.40219.1
Project("{FAE04EC0-301F-11D3-BF4B-00C04F79EFBC}") = "StaticWebServerManager", "StaticWebServerManager.csproj", "{183CC87F-7C03-47FC-9994-A55A5A3F9360}"
EndProject
Global
	GlobalSection(SolutionConfigurationPlatforms) = preSolution
		Debug|Any CPU = Debug|Any CPU
		Release|Any CPU = Release|Any CPU
	EndGlobalSection
	GlobalSection(ProjectConfigurationPlatforms) = postSolution
		{183CC87F-7C03-47FC-9994-A55A5A3F9360}.Debug|Any CPU.ActiveCfg = Debug|Any CPU
		{183CC87F-7C03-47FC-9994-A55A5A3F9360}.Debug|Any CPU.Build.0 = Debug|Any CPU
		{183CC87F-7C03-47FC-9994-A55A5A3F9360}.Release|Any CPU.ActiveCfg = Release|Any CPU
		{183CC87F-7C03-47FC-9994-A55A5A3F9360}.Release|Any CPU.Build.0 = Release|Any CPU
	EndGlobalSection
	GlobalSection(SolutionProperties) = preSolution
		HideSolutionNode = FALSE
	EndGlobalSection
	GlobalSection(ExtensibilityGlobals) = postSolution
		SolutionGuid = {5490478A-38C1-478D-8FEF-09975DDD0606}
	EndGlobalSection
EndGlobal
